
Microsoft Visual Studio Solution File, Format Version 12.00
# Visual Studio Version 17
VisualStudioVersion = 17.8.34330.188
MinimumVisualStudioVersion = 10.0.40219.1
Project("{FAE04EC0-301F-11D3-BF4B-00C04F79EFBC}") = "ChristmasTree", "ChristmasTree\ChristmasTree.csproj", "{5384A392-06D6-4FD0-BD0E-4FB1F3E548E0}"
EndProject
Global
	GlobalSection(SolutionConfigurationPlatforms) = preSolution
		Debug|Any CPU = Debug|Any CPU
		Release|Any CPU = Release|Any CPU
	EndGlobalSection
	GlobalSection(ProjectConfigurationPlatforms) = postSolution
		{5384A392-06D6-4FD0-BD0E-4FB1F3E548E0}.Debug|Any CPU.ActiveCfg = Debug|Any CPU
		{5384A392-06D6-4FD0-BD0E-4FB1F3E548E0}.Debug|Any CPU.Build.0 = Debug|Any CPU
		{5384A392-06D6-4FD0-BD0E-4FB1F3E548E0}.Release|Any CPU.ActiveCfg = Release|Any CPU
		{5384A392-06D6-4FD0-BD0E-4FB1F3E548E0}.Release|Any CPU.Build.0 = Release|Any CPU
	EndGlobalSection
	GlobalSection(SolutionProperties) = preSolution
		HideSolutionNode = FALSE
	EndGlobalSection
	GlobalSection(ExtensibilityGlobals) = postSolution
		SolutionGuid = {911C85B0-A4A9-4AA2-9F57-B479161F746C}
	EndGlobalSection
EndGlobal
